
Microsoft Visual Studio Solution File, Format Version 12.00
# Visual Studio 15
VisualStudioVersion = 15.0.28307.168
MinimumVisualStudioVersion = 10.0.40219.1
Project("{9A19103F-16F7-4668-BE54-9A1E7A4F7556}") = "HelloWorld", "HelloWorld.csproj", "{EA0B0645-2A73-49FE-B371-8321CC16FFF0}"
EndProject
Project("{FAE04EC0-301F-11D3-BF4B-00C04F79EFBC}") = "HelloWorld.Test", "HelloWorld.Test\HelloWorld.Test.csproj", "{37EADD94-9F1A-4F68-96C1-74BBB2D84A4C}"
	ProjectSection(ProjectDependencies) = postProject
		{EA0B0645-2A73-49FE-B371-8321CC16FFF0} = {EA0B0645-2A73-49FE-B371-8321CC16FFF0}
	EndProjectSection
EndProject
Global
	GlobalSection(SolutionConfigurationPlatforms) = preSolution
		Debug|Any CPU = Debug|Any CPU
		Release|Any CPU = Release|Any CPU
	EndGlobalSection
	GlobalSection(ProjectConfigurationPlatforms) = postSolution
		{EA0B0645-2A73-49FE-B371-8321CC16FFF0}.Debug|Any CPU.ActiveCfg = Debug|Any CPU
		{EA0B0645-2A73-49FE-B371-8321CC16FFF0}.Debug|Any CPU.Build.0 = Debug|Any CPU
		{EA0B0645-2A73-49FE-B371-8321CC16FFF0}.Release|Any CPU.ActiveCfg = Release|Any CPU
		{EA0B0645-2A73-49FE-B371-8321CC16FFF0}.Release|Any CPU.Build.0 = Release|Any CPU
		{37EADD94-9F1A-4F68-96C1-74BBB2D84A4C}.Debug|Any CPU.ActiveCfg = Debug|Any CPU
		{37EADD94-9F1A-4F68-96C1-74BBB2D84A4C}.Debug|Any CPU.Build.0 = Debug|Any CPU
		{37EADD94-9F1A-4F68-96C1-74BBB2D84A4C}.Release|Any CPU.ActiveCfg = Release|Any CPU
		{37EADD94-9F1A-4F68-96C1-74BBB2D84A4C}.Release|Any CPU.Build.0 = Release|Any CPU
	EndGlobalSection
	GlobalSection(SolutionProperties) = preSolution
		HideSolutionNode = FALSE
	EndGlobalSection
	GlobalSection(ExtensibilityGlobals) = postSolution
		SolutionGuid = {20293A60-87DA-493F-9456-B3E37169FEC7}
	EndGlobalSection
EndGlobal
